{
  "requires": true,
  "lockfileVersion": 1,
  "dependencies": {
    "jotai": {
      "version": "1.6.0",
      "resolved": "https://registry.npmjs.org/jotai/-/jotai-1.6.0.tgz",
      "integrity": "sha512-J/+aD9R1XDcNeY8drg/y/I47eUivQ13HGmLmA33w95SvJJLBStSF5WxYrmLgbuWcDC6MpRecF3g/GBchPJNcZg=="
    }
  }
}
